
Microsoft Visual Studio Solution File, Format Version 12.00
# Visual Studio Version 17
VisualStudioVersion = 17.9.34728.123
MinimumVisualStudioVersion = 10.0.40219.1
Project("{FAE04EC0-301F-11D3-BF4B-00C04F79EFBC}") = "MauiApp8", "MauiApp8.csproj", "{FAF127DE-CEBE-4C27-BCE2-3CA95A7B2079}"
EndProject
Global
	GlobalSection(SolutionConfigurationPlatforms) = preSolution
		Debug|Any CPU = Debug|Any CPU
		Release|Any CPU = Release|Any CPU
	EndGlobalSection
	GlobalSection(ProjectConfigurationPlatforms) = postSolution
		{FAF127DE-CEBE-4C27-BCE2-3CA95A7B2079}.Debug|Any CPU.ActiveCfg = Debug|Any CPU
		{FAF127DE-CEBE-4C27-BCE2-3CA95A7B2079}.Debug|Any CPU.Build.0 = Debug|Any CPU
		{FAF127DE-CEBE-4C27-BCE2-3CA95A7B2079}.Debug|Any CPU.Deploy.0 = Debug|Any CPU
		{FAF127DE-CEBE-4C27-BCE2-3CA95A7B2079}.Release|Any CPU.ActiveCfg = Release|Any CPU
		{FAF127DE-CEBE-4C27-BCE2-3CA95A7B2079}.Release|Any CPU.Build.0 = Release|Any CPU
		{FAF127DE-CEBE-4C27-BCE2-3CA95A7B2079}.Release|Any CPU.Deploy.0 = Release|Any CPU
	EndGlobalSection
	GlobalSection(SolutionProperties) = preSolution
		HideSolutionNode = FALSE
	EndGlobalSection
	GlobalSection(ExtensibilityGlobals) = postSolution
		SolutionGuid = {E1D2FC27-1ED0-4176-9A9C-3D970561E78F}
	EndGlobalSection
EndGlobal
